<?xml version="1.0" encoding="utf-8"?>
<Project ToolsVersion="4.0" xmlns="http://schemas.microsoft.com/developer/msbuild/2003">
  <ItemGroup>
    <Filter Include="Legacy">
      <UniqueIdentifier>{5AE484C0-4686-AF96-2F41-C3EA1B8236E7}</UniqueIdentifier>
    </Filter>
    <Filter Include="src">
      <UniqueIdentifier>{2DAB880B-99B4-887C-2230-9F7C8E38947C}</UniqueIdentifier>
    </Filter>
    <Filter Include="src\Lemon">
      <UniqueIdentifier>{779554B3-E3FF-082A-2C3E-BACF98E7E67E}</UniqueIdentifier>
    </Filter>
  </ItemGroup>
  <ItemGroup>
    <ClInclude Include="Legacy\bg.h">
      <Filter>Legacy</Filter>
    </ClInclude>
    <ClInclude Include="Legacy\bullet.h">
      <Filter>Legacy</Filter>
    </ClInclude>
    <ClInclude Include="Legacy\camera.h">
      <Filter>Legacy</Filter>
    </ClInclude>
    <ClInclude Include="Legacy\collision.h">
      <Filter>Legacy</Filter>
    </ClInclude>
    <ClInclude Include="Legacy\debugproc.h">
      <Filter>Legacy</Filter>
    </ClInclude>
    <ClInclude Include="Legacy\effect.h">
      <Filter>Legacy</Filter>
    </ClInclude>
    <ClInclude Include="Legacy\enemy.h">
      <Filter>Legacy</Filter>
    </ClInclude>
    <ClInclude Include="Legacy\fade.h">
      <Filter>Legacy</Filter>
    </ClInclude>
    <ClInclude Include="Legacy\input.h">
      <Filter>Legacy</Filter>
    </ClInclude>
    <ClInclude Include="Legacy\main.h">
      <Filter>Legacy</Filter>
    </ClInclude>
    <ClInclude Include="Legacy\player.h">
      <Filter>Legacy</Filter>
    </ClInclude>
    <ClInclude Include="Legacy\projectile.h">
      <Filter>Legacy</Filter>
    </ClInclude>
    <ClInclude Include="Legacy\renderer.h">
      <Filter>Legacy</Filter>
    </ClInclude>
    <ClInclude Include="Legacy\result.h">
      <Filter>Legacy</Filter>
    </ClInclude>
    <ClInclude Include="Legacy\score.h">
      <Filter>Legacy</Filter>
    </ClInclude>
    <ClInclude Include="Legacy\sound.h">
      <Filter>Legacy</Filter>
    </ClInclude>
    <ClInclude Include="Legacy\sprite.h">
      <Filter>Legacy</Filter>
    </ClInclude>
    <ClInclude Include="Legacy\timer.h">
      <Filter>Legacy</Filter>
    </ClInclude>
    <ClInclude Include="Legacy\title.h">
      <Filter>Legacy</Filter>
    </ClInclude>
    <ClInclude Include="Legacy\tutorial.h">
      <Filter>Legacy</Filter>
    </ClInclude>
    <ClInclude Include="src\LegacySystems.h">
      <Filter>src</Filter>
    </ClInclude>
    <ClInclude Include="src\Lemon\Application.h">
      <Filter>src\Lemon</Filter>
    </ClInclude>
    <ClInclude Include="src\Lemon\InputSystem.h">
      <Filter>src\Lemon</Filter>
    </ClInclude>
    <ClInclude Include="src\Lemon\SceneManager.h">
      <Filter>src\Lemon</Filter>
    </ClInclude>
    <ClInclude Include="src\Lemon\Sprite2D.h">
      <Filter>src\Lemon</Filter>
    </ClInclude>
    <ClInclude Include="src\Lemon\Systems.h">
      <Filter>src\Lemon</Filter>
    </ClInclude>
    <ClInclude Include="src\Lemon\Transform.h">
      <Filter>src\Lemon</Filter>
    </ClInclude>
    <ClInclude Include="src\Lemon\Window.h">
      <Filter>src\Lemon</Filter>
    </ClInclude>
    <ClInclude Include="src\Lemon\myMath.h">
      <Filter>src\Lemon</Filter>
    </ClInclude>
  </ItemGroup>
  <ItemGroup>
    <ClCompile Include="Legacy\bg.cpp">
      <Filter>Legacy</Filter>
    </ClCompile>
    <ClCompile Include="Legacy\bullet.cpp">
      <Filter>Legacy</Filter>
    </ClCompile>
    <ClCompile Include="Legacy\camera.cpp">
      <Filter>Legacy</Filter>
    </ClCompile>
    <ClCompile Include="Legacy\collision.cpp">
      <Filter>Legacy</Filter>
    </ClCompile>
    <ClCompile Include="Legacy\debugproc.cpp">
      <Filter>Legacy</Filter>
    </ClCompile>
    <ClCompile Include="Legacy\effect.cpp">
      <Filter>Legacy</Filter>
    </ClCompile>
    <ClCompile Include="Legacy\fade.cpp">
      <Filter>Legacy</Filter>
    </ClCompile>
    <ClCompile Include="Legacy\input.cpp">
      <Filter>Legacy</Filter>
    </ClCompile>
    <ClCompile Include="Legacy\player.cpp">
      <Filter>Legacy</Filter>
    </ClCompile>
    <ClCompile Include="Legacy\projectile.cpp">
      <Filter>Legacy</Filter>
    </ClCompile>
    <ClCompile Include="Legacy\renderer.cpp">
      <Filter>Legacy</Filter>
    </ClCompile>
    <ClCompile Include="Legacy\result.cpp">
      <Filter>Legacy</Filter>
    </ClCompile>
    <ClCompile Include="Legacy\score.cpp">
      <Filter>Legacy</Filter>
    </ClCompile>
    <ClCompile Include="Legacy\sound.cpp">
      <Filter>Legacy</Filter>
    </ClCompile>
    <ClCompile Include="Legacy\sprite.cpp">
      <Filter>Legacy</Filter>
    </ClCompile>
    <ClCompile Include="Legacy\timer.cpp">
      <Filter>Legacy</Filter>
    </ClCompile>
    <ClCompile Include="Legacy\title.cpp">
      <Filter>Legacy</Filter>
    </ClCompile>
    <ClCompile Include="Legacy\tutorial.cpp">
      <Filter>Legacy</Filter>
    </ClCompile>
    <ClCompile Include="src\LegacySystems.cpp">
      <Filter>src</Filter>
    </ClCompile>
    <ClCompile Include="src\Lemon\Application.cpp">
      <Filter>src\Lemon</Filter>
    </ClCompile>
    <ClCompile Include="src\Lemon\EntryPoint.cpp">
      <Filter>src\Lemon</Filter>
    </ClCompile>
    <ClCompile Include="src\Lemon\InputSystem.cpp">
      <Filter>src\Lemon</Filter>
    </ClCompile>
    <ClCompile Include="src\Lemon\SceneManager.cpp">
      <Filter>src\Lemon</Filter>
    </ClCompile>
    <ClCompile Include="src\Lemon\Sprite2D.cpp">
      <Filter>src\Lemon</Filter>
    </ClCompile>
    <ClCompile Include="src\Lemon\Transform.cpp">
      <Filter>src\Lemon</Filter>
    </ClCompile>
    <ClCompile Include="src\Lemon\Window.cpp">
      <Filter>src\Lemon</Filter>
    </ClCompile>
    <ClCompile Include="src\Lemon\myMath.cpp">
      <Filter>src\Lemon</Filter>
    </ClCompile>
  </ItemGroup>
</Project>